
Microsoft Visual Studio Solution File, Format Version 12.00
# Visual Studio Version 17
VisualStudioVersion = 17.11.35312.102
MinimumVisualStudioVersion = 10.0.40219.1
Project("{FAE04EC0-301F-11D3-BF4B-00C04F79EFBC}") = "MercuryfireWebApplication", "MercuryfireWebApplication.csproj", "{22BBD665-CDD9-4A52-BEC3-BF996AA85B78}"
EndProject
Project("{00D1A9C2-B5F0-4AF3-8072-F6C62B433612}") = "BackendExamHub", "..\MercuryfireBackendExamHub\BackendExamHub\BackendExamHub.sqlproj", "{348FEE13-2BDE-40B7-9A1F-C0A9781F7641}"
EndProject
Global
	GlobalSection(SolutionConfigurationPlatforms) = preSolution
		Debug|Any CPU = Debug|Any CPU
		Release|Any CPU = Release|Any CPU
	EndGlobalSection
	GlobalSection(ProjectConfigurationPlatforms) = postSolution
		{22BBD665-CDD9-4A52-BEC3-BF996AA85B78}.Debug|Any CPU.ActiveCfg = Debug|Any CPU
		{22BBD665-CDD9-4A52-BEC3-BF996AA85B78}.Debug|Any CPU.Build.0 = Debug|Any CPU
		{22BBD665-CDD9-4A52-BEC3-BF996AA85B78}.Release|Any CPU.ActiveCfg = Release|Any CPU
		{22BBD665-CDD9-4A52-BEC3-BF996AA85B78}.Release|Any CPU.Build.0 = Release|Any CPU
		{348FEE13-2BDE-40B7-9A1F-C0A9781F7641}.Debug|Any CPU.ActiveCfg = Debug|Any CPU
		{348FEE13-2BDE-40B7-9A1F-C0A9781F7641}.Debug|Any CPU.Build.0 = Debug|Any CPU
		{348FEE13-2BDE-40B7-9A1F-C0A9781F7641}.Debug|Any CPU.Deploy.0 = Debug|Any CPU
		{348FEE13-2BDE-40B7-9A1F-C0A9781F7641}.Release|Any CPU.ActiveCfg = Release|Any CPU
		{348FEE13-2BDE-40B7-9A1F-C0A9781F7641}.Release|Any CPU.Build.0 = Release|Any CPU
		{348FEE13-2BDE-40B7-9A1F-C0A9781F7641}.Release|Any CPU.Deploy.0 = Release|Any CPU
	EndGlobalSection
	GlobalSection(SolutionProperties) = preSolution
		HideSolutionNode = FALSE
	EndGlobalSection
	GlobalSection(ExtensibilityGlobals) = postSolution
		SolutionGuid = {A28E2288-E5D9-4AA7-B298-20821DF51541}
	EndGlobalSection
EndGlobal
